<?xml version="1.0" encoding="utf-8"?>
<Project ToolsVersion="4.0" xmlns="http://schemas.microsoft.com/developer/msbuild/2003">
  <ItemGroup>
    <Filter Include="Source Files">
      <UniqueIdentifier>{4FC737F1-C7A5-4376-A066-2A32D752A2FF}</UniqueIdentifier>
      <Extensions>cpp;c;cc;cxx;def;odl;idl;hpj;bat;asm;asmx</Extensions>
    </Filter>
    <Filter Include="Header Files">
      <UniqueIdentifier>{93995380-89BD-4b04-88EB-625FBE52EBFB}</UniqueIdentifier>
      <Extensions>h;hpp;hxx;hm;inl;inc;xsd</Extensions>
    </Filter>
  </ItemGroup>
  <ItemGroup>
    <ClCompile Include="..\..\C-Sources\expat\lib\xmltok_ns.c">
      <Filter>Source Files</Filter>
    </ClCompile>
    <ClCompile Include="..\..\C-Sources\expat\lib\xmlparse.c">
      <Filter>Source Files</Filter>
    </ClCompile>
    <ClCompile Include="..\..\C-Sources\expat\lib\xmlrole.c">
      <Filter>Source Files</Filter>
    </ClCompile>
    <ClCompile Include="..\..\C-Sources\expat\lib\xmltok.c">
      <Filter>Source Files</Filter>
    </ClCompile>
    <ClCompile Include="..\..\C-Sources\expat\lib\xmltok_impl.c">
      <Filter>Source Files</Filter>
    </ClCompile>
    <ClCompile Include="..\..\C-Sources\expat\lib\loadlibrary.c">
      <Filter>Source Files</Filter>
    </ClCompile>
  </ItemGroup>
  <ItemGroup>
    <ClInclude Include="..\..\C-Sources\expat\lib\xmltok_impl.h">
      <Filter>Header Files</Filter>
    </ClInclude>
    <ClInclude Include="..\..\C-Sources\expat\lib\ascii.h">
      <Filter>Header Files</Filter>
    </ClInclude>
    <ClInclude Include="..\..\C-Sources\expat\lib\asciitab.h">
      <Filter>Header Files</Filter>
    </ClInclude>
    <ClInclude Include="..\..\C-Sources\expat\lib\expat.h">
      <Filter>Header Files</Filter>
    </ClInclude>
    <ClInclude Include="..\..\C-Sources\expat\lib\expat_external.h">
      <Filter>Header Files</Filter>
    </ClInclude>
    <ClInclude Include="..\..\C-Sources\expat\lib\iasciitab.h">
      <Filter>Header Files</Filter>
    </ClInclude>
    <ClInclude Include="..\..\C-Sources\expat\lib\internal.h">
      <Filter>Header Files</Filter>
    </ClInclude>
    <ClInclude Include="..\..\C-Sources\expat\lib\latin1tab.h">
      <Filter>Header Files</Filter>
    </ClInclude>
    <ClInclude Include="..\..\C-Sources\expat\lib\nametab.h">
      <Filter>Header Files</Filter>
    </ClInclude>
    <ClInclude Include="..\..\C-Sources\expat\lib\utf8tab.h">
      <Filter>Header Files</Filter>
    </ClInclude>
    <ClInclude Include="..\..\C-Sources\expat\lib\xmlrole.h">
      <Filter>Header Files</Filter>
    </ClInclude>
    <ClInclude Include="..\..\C-Sources\expat\lib\xmltok.h">
      <Filter>Header Files</Filter>
    </ClInclude>
    <ClInclude Include="..\..\C-Sources\expat\lib\winconfig.h">
      <Filter>Header Files</Filter>
    </ClInclude>
  </ItemGroup>
</Project>