<?xml version="1.0" encoding="utf-8"?>
<Project ToolsVersion="4.0" xmlns="http://schemas.microsoft.com/developer/msbuild/2003">
  <ItemGroup>
    <Filter Include="Header Files">
      <UniqueIdentifier>{03740958-ace0-4347-9d2c-d46f830f07fb}</UniqueIdentifier>
    </Filter>
    <Filter Include="Source Files">
      <UniqueIdentifier>{035ff6b6-bf7a-4624-9080-471ac4d5dd0e}</UniqueIdentifier>
    </Filter>
  </ItemGroup>
  <ItemGroup>
    <ClCompile Include="..\..\C-Sources\hdf5\src\H5.c">
      <Filter>Source Files</Filter>
    </ClCompile>
    <ClCompile Include="..\..\C-Sources\hdf5\src\H5A.c">
      <Filter>Source Files</Filter>
    </ClCompile>
    <ClCompile Include="..\..\C-Sources\hdf5\src\H5Abtree2.c">
      <Filter>Source Files</Filter>
    </ClCompile>
    <ClCompile Include="..\..\C-Sources\hdf5\src\H5AC.c">
      <Filter>Source Files</Filter>
    </ClCompile>
    <ClCompile Include="..\..\C-Sources\hdf5\src\H5Adense.c">
      <Filter>Source Files</Filter>
    </ClCompile>
    <ClCompile Include="..\..\C-Sources\hdf5\src\H5Adeprec.c">
      <Filter>Source Files</Filter>
    </ClCompile>
    <ClCompile Include="..\..\C-Sources\hdf5\src\H5Aint.c">
      <Filter>Source Files</Filter>
    </ClCompile>
    <ClCompile Include="..\..\C-Sources\hdf5\src\H5Atest.c">
      <Filter>Source Files</Filter>
    </ClCompile>
    <ClCompile Include="..\..\C-Sources\hdf5\src\H5B.c">
      <Filter>Source Files</Filter>
    </ClCompile>
    <ClCompile Include="..\..\C-Sources\hdf5\src\H5B2.c">
      <Filter>Source Files</Filter>
    </ClCompile>
    <ClCompile Include="..\..\C-Sources\hdf5\src\H5B2cache.c">
      <Filter>Source Files</Filter>
    </ClCompile>
    <ClCompile Include="..\..\C-Sources\hdf5\src\H5B2dbg.c">
      <Filter>Source Files</Filter>
    </ClCompile>
    <ClCompile Include="..\..\C-Sources\hdf5\src\H5B2hdr.c">
      <Filter>Source Files</Filter>
    </ClCompile>
    <ClCompile Include="..\..\C-Sources\hdf5\src\H5B2int.c">
      <Filter>Source Files</Filter>
    </ClCompile>
    <ClCompile Include="..\..\C-Sources\hdf5\src\H5B2stat.c">
      <Filter>Source Files</Filter>
    </ClCompile>
    <ClCompile Include="..\..\C-Sources\hdf5\src\H5B2test.c">
      <Filter>Source Files</Filter>
    </ClCompile>
    <ClCompile Include="..\..\C-Sources\hdf5\src\H5Bcache.c">
      <Filter>Source Files</Filter>
    </ClCompile>
    <ClCompile Include="..\..\C-Sources\hdf5\src\H5Bdbg.c">
      <Filter>Source Files</Filter>
    </ClCompile>
    <ClCompile Include="..\..\C-Sources\hdf5\src\H5C.c">
      <Filter>Source Files</Filter>
    </ClCompile>
    <ClCompile Include="..\..\C-Sources\hdf5\src\H5checksum.c">
      <Filter>Source Files</Filter>
    </ClCompile>
    <ClCompile Include="..\..\C-Sources\hdf5\src\H5CS.c">
      <Filter>Source Files</Filter>
    </ClCompile>
    <ClCompile Include="..\..\C-Sources\hdf5\src\H5D.c">
      <Filter>Source Files</Filter>
    </ClCompile>
    <ClCompile Include="..\..\C-Sources\hdf5\src\H5dbg.c">
      <Filter>Source Files</Filter>
    </ClCompile>
    <ClCompile Include="..\..\C-Sources\hdf5\src\H5Dbtree.c">
      <Filter>Source Files</Filter>
    </ClCompile>
    <ClCompile Include="..\..\C-Sources\hdf5\src\H5Dchunk.c">
      <Filter>Source Files</Filter>
    </ClCompile>
    <ClCompile Include="..\..\C-Sources\hdf5\src\H5Dcompact.c">
      <Filter>Source Files</Filter>
    </ClCompile>
    <ClCompile Include="..\..\C-Sources\hdf5\src\H5Dcontig.c">
      <Filter>Source Files</Filter>
    </ClCompile>
    <ClCompile Include="..\..\C-Sources\hdf5\src\H5Ddbg.c">
      <Filter>Source Files</Filter>
    </ClCompile>
    <ClCompile Include="..\..\C-Sources\hdf5\src\H5Ddeprec.c">
      <Filter>Source Files</Filter>
    </ClCompile>
    <ClCompile Include="..\..\C-Sources\hdf5\src\H5Defl.c">
      <Filter>Source Files</Filter>
    </ClCompile>
    <ClCompile Include="..\..\C-Sources\hdf5\src\H5detect.c">
      <Filter>Source Files</Filter>
    </ClCompile>
    <ClCompile Include="..\..\C-Sources\hdf5\src\H5Dfill.c">
      <Filter>Source Files</Filter>
    </ClCompile>
    <ClCompile Include="..\..\C-Sources\hdf5\src\H5Dint.c">
      <Filter>Source Files</Filter>
    </ClCompile>
    <ClCompile Include="..\..\C-Sources\hdf5\src\H5Dio.c">
      <Filter>Source Files</Filter>
    </ClCompile>
    <ClCompile Include="..\..\C-Sources\hdf5\src\H5Dlayout.c">
      <Filter>Source Files</Filter>
    </ClCompile>
    <ClCompile Include="..\..\C-Sources\hdf5\src\H5Dmpio.c">
      <Filter>Source Files</Filter>
    </ClCompile>
    <ClCompile Include="..\..\C-Sources\hdf5\src\H5Doh.c">
      <Filter>Source Files</Filter>
    </ClCompile>
    <ClCompile Include="..\..\C-Sources\hdf5\src\H5Dscatgath.c">
      <Filter>Source Files</Filter>
    </ClCompile>
    <ClCompile Include="..\..\C-Sources\hdf5\src\H5Dselect.c">
      <Filter>Source Files</Filter>
    </ClCompile>
    <ClCompile Include="..\..\C-Sources\hdf5\src\H5Dtest.c">
      <Filter>Source Files</Filter>
    </ClCompile>
    <ClCompile Include="..\..\C-Sources\hdf5\src\H5E.c">
      <Filter>Source Files</Filter>
    </ClCompile>
    <ClCompile Include="..\..\C-Sources\hdf5\src\H5Edeprec.c">
      <Filter>Source Files</Filter>
    </ClCompile>
    <ClCompile Include="..\..\C-Sources\hdf5\src\H5Eint.c">
      <Filter>Source Files</Filter>
    </ClCompile>
    <ClCompile Include="..\..\C-Sources\hdf5\src\H5F.c">
      <Filter>Source Files</Filter>
    </ClCompile>
    <ClCompile Include="..\..\C-Sources\hdf5\src\H5Faccum.c">
      <Filter>Source Files</Filter>
    </ClCompile>
    <ClCompile Include="..\..\C-Sources\hdf5\src\H5Fcwfs.c">
      <Filter>Source Files</Filter>
    </ClCompile>
    <ClCompile Include="..\..\C-Sources\hdf5\src\H5FD.c">
      <Filter>Source Files</Filter>
    </ClCompile>
    <ClCompile Include="..\..\C-Sources\hdf5\src\H5Fdbg.c">
      <Filter>Source Files</Filter>
    </ClCompile>
    <ClCompile Include="..\..\C-Sources\hdf5\src\H5FDcore.c">
      <Filter>Source Files</Filter>
    </ClCompile>
    <ClCompile Include="..\..\C-Sources\hdf5\src\H5FDdirect.c">
      <Filter>Source Files</Filter>
    </ClCompile>
    <ClCompile Include="..\..\C-Sources\hdf5\src\H5FDfamily.c">
      <Filter>Source Files</Filter>
    </ClCompile>
    <ClCompile Include="..\..\C-Sources\hdf5\src\H5FDint.c">
      <Filter>Source Files</Filter>
    </ClCompile>
    <ClCompile Include="..\..\C-Sources\hdf5\src\H5FDlog.c">
      <Filter>Source Files</Filter>
    </ClCompile>
    <ClCompile Include="..\..\C-Sources\hdf5\src\H5FDmpi.c">
      <Filter>Source Files</Filter>
    </ClCompile>
    <ClCompile Include="..\..\C-Sources\hdf5\src\H5FDmpio.c">
      <Filter>Source Files</Filter>
    </ClCompile>
    <ClCompile Include="..\..\C-Sources\hdf5\src\H5FDmulti.c">
      <Filter>Source Files</Filter>
    </ClCompile>
    <ClCompile Include="..\..\C-Sources\hdf5\src\H5FDsec2.c">
      <Filter>Source Files</Filter>
    </ClCompile>
    <ClCompile Include="..\..\C-Sources\hdf5\src\H5FDspace.c">
      <Filter>Source Files</Filter>
    </ClCompile>
    <ClCompile Include="..\..\C-Sources\hdf5\src\H5FDstdio.c">
      <Filter>Source Files</Filter>
    </ClCompile>
    <ClCompile Include="..\..\C-Sources\hdf5\src\H5FDwindows.c">
      <Filter>Source Files</Filter>
    </ClCompile>
    <ClCompile Include="..\..\C-Sources\hdf5\src\H5Fefc.c">
      <Filter>Source Files</Filter>
    </ClCompile>
    <ClCompile Include="..\..\C-Sources\hdf5\src\H5Ffake.c">
      <Filter>Source Files</Filter>
    </ClCompile>
    <ClCompile Include="..\..\C-Sources\hdf5\src\H5Fint.c">
      <Filter>Source Files</Filter>
    </ClCompile>
    <ClCompile Include="..\..\C-Sources\hdf5\src\H5Fio.c">
      <Filter>Source Files</Filter>
    </ClCompile>
    <ClCompile Include="..\..\C-Sources\hdf5\src\H5FL.c">
      <Filter>Source Files</Filter>
    </ClCompile>
    <ClCompile Include="..\..\C-Sources\hdf5\src\H5Fmount.c">
      <Filter>Source Files</Filter>
    </ClCompile>
    <ClCompile Include="..\..\C-Sources\hdf5\src\H5Fmpi.c">
      <Filter>Source Files</Filter>
    </ClCompile>
    <ClCompile Include="..\..\C-Sources\hdf5\src\H5FO.c">
      <Filter>Source Files</Filter>
    </ClCompile>
    <ClCompile Include="..\..\C-Sources\hdf5\src\H5Fquery.c">
      <Filter>Source Files</Filter>
    </ClCompile>
    <ClCompile Include="..\..\C-Sources\hdf5\src\H5FS.c">
      <Filter>Source Files</Filter>
    </ClCompile>
    <ClCompile Include="..\..\C-Sources\hdf5\src\H5FScache.c">
      <Filter>Source Files</Filter>
    </ClCompile>
    <ClCompile Include="..\..\C-Sources\hdf5\src\H5FSdbg.c">
      <Filter>Source Files</Filter>
    </ClCompile>
    <ClCompile Include="..\..\C-Sources\hdf5\src\H5Fsfile.c">
      <Filter>Source Files</Filter>
    </ClCompile>
    <ClCompile Include="..\..\C-Sources\hdf5\src\H5FSsection.c">
      <Filter>Source Files</Filter>
    </ClCompile>
    <ClCompile Include="..\..\C-Sources\hdf5\src\H5FSstat.c">
      <Filter>Source Files</Filter>
    </ClCompile>
    <ClCompile Include="..\..\C-Sources\hdf5\src\H5FStest.c">
      <Filter>Source Files</Filter>
    </ClCompile>
    <ClCompile Include="..\..\C-Sources\hdf5\src\H5Fsuper.c">
      <Filter>Source Files</Filter>
    </ClCompile>
    <ClCompile Include="..\..\C-Sources\hdf5\src\H5Fsuper_cache.c">
      <Filter>Source Files</Filter>
    </ClCompile>
    <ClCompile Include="..\..\C-Sources\hdf5\src\H5Ftest.c">
      <Filter>Source Files</Filter>
    </ClCompile>
    <ClCompile Include="..\..\C-Sources\hdf5\src\H5G.c">
      <Filter>Source Files</Filter>
    </ClCompile>
    <ClCompile Include="..\..\C-Sources\hdf5\src\H5Gbtree2.c">
      <Filter>Source Files</Filter>
    </ClCompile>
    <ClCompile Include="..\..\C-Sources\hdf5\src\H5Gcache.c">
      <Filter>Source Files</Filter>
    </ClCompile>
    <ClCompile Include="..\..\C-Sources\hdf5\src\H5Gcompact.c">
      <Filter>Source Files</Filter>
    </ClCompile>
    <ClCompile Include="..\..\C-Sources\hdf5\src\H5Gdense.c">
      <Filter>Source Files</Filter>
    </ClCompile>
    <ClCompile Include="..\..\C-Sources\hdf5\src\H5Gdeprec.c">
      <Filter>Source Files</Filter>
    </ClCompile>
    <ClCompile Include="..\..\C-Sources\hdf5\src\H5Gent.c">
      <Filter>Source Files</Filter>
    </ClCompile>
    <ClCompile Include="..\..\C-Sources\hdf5\src\H5Gint.c">
      <Filter>Source Files</Filter>
    </ClCompile>
    <ClCompile Include="..\..\C-Sources\hdf5\src\H5Glink.c">
      <Filter>Source Files</Filter>
    </ClCompile>
    <ClCompile Include="..\..\C-Sources\hdf5\src\H5Gloc.c">
      <Filter>Source Files</Filter>
    </ClCompile>
    <ClCompile Include="..\..\C-Sources\hdf5\src\H5Gname.c">
      <Filter>Source Files</Filter>
    </ClCompile>
    <ClCompile Include="..\..\C-Sources\hdf5\src\H5Gnode.c">
      <Filter>Source Files</Filter>
    </ClCompile>
    <ClCompile Include="..\..\C-Sources\hdf5\src\H5Gobj.c">
      <Filter>Source Files</Filter>
    </ClCompile>
    <ClCompile Include="..\..\C-Sources\hdf5\src\H5Goh.c">
      <Filter>Source Files</Filter>
    </ClCompile>
    <ClCompile Include="..\..\C-Sources\hdf5\src\H5Groot.c">
      <Filter>Source Files</Filter>
    </ClCompile>
    <ClCompile Include="..\..\C-Sources\hdf5\src\H5Gstab.c">
      <Filter>Source Files</Filter>
    </ClCompile>
    <ClCompile Include="..\..\C-Sources\hdf5\src\H5Gtest.c">
      <Filter>Source Files</Filter>
    </ClCompile>
    <ClCompile Include="..\..\C-Sources\hdf5\src\H5Gtraverse.c">
      <Filter>Source Files</Filter>
    </ClCompile>
    <ClCompile Include="..\..\C-Sources\hdf5\src\H5HF.c">
      <Filter>Source Files</Filter>
    </ClCompile>
    <ClCompile Include="..\..\C-Sources\hdf5\src\H5HFbtree2.c">
      <Filter>Source Files</Filter>
    </ClCompile>
    <ClCompile Include="..\..\C-Sources\hdf5\src\H5HFcache.c">
      <Filter>Source Files</Filter>
    </ClCompile>
    <ClCompile Include="..\..\C-Sources\hdf5\src\H5HFdbg.c">
      <Filter>Source Files</Filter>
    </ClCompile>
    <ClCompile Include="..\..\C-Sources\hdf5\src\H5HFdblock.c">
      <Filter>Source Files</Filter>
    </ClCompile>
    <ClCompile Include="..\..\C-Sources\hdf5\src\H5HFdtable.c">
      <Filter>Source Files</Filter>
    </ClCompile>
    <ClCompile Include="..\..\C-Sources\hdf5\src\H5HFhdr.c">
      <Filter>Source Files</Filter>
    </ClCompile>
    <ClCompile Include="..\..\C-Sources\hdf5\src\H5HFhuge.c">
      <Filter>Source Files</Filter>
    </ClCompile>
    <ClCompile Include="..\..\C-Sources\hdf5\src\H5HFiblock.c">
      <Filter>Source Files</Filter>
    </ClCompile>
    <ClCompile Include="..\..\C-Sources\hdf5\src\H5HFiter.c">
      <Filter>Source Files</Filter>
    </ClCompile>
    <ClCompile Include="..\..\C-Sources\hdf5\src\H5HFman.c">
      <Filter>Source Files</Filter>
    </ClCompile>
    <ClCompile Include="..\..\C-Sources\hdf5\src\H5HFsection.c">
      <Filter>Source Files</Filter>
    </ClCompile>
    <ClCompile Include="..\..\C-Sources\hdf5\src\H5HFspace.c">
      <Filter>Source Files</Filter>
    </ClCompile>
    <ClCompile Include="..\..\C-Sources\hdf5\src\H5HFstat.c">
      <Filter>Source Files</Filter>
    </ClCompile>
    <ClCompile Include="..\..\C-Sources\hdf5\src\H5HFtest.c">
      <Filter>Source Files</Filter>
    </ClCompile>
    <ClCompile Include="..\..\C-Sources\hdf5\src\H5HFtiny.c">
      <Filter>Source Files</Filter>
    </ClCompile>
    <ClCompile Include="..\..\C-Sources\hdf5\src\H5HG.c">
      <Filter>Source Files</Filter>
    </ClCompile>
    <ClCompile Include="..\..\C-Sources\hdf5\src\H5HGcache.c">
      <Filter>Source Files</Filter>
    </ClCompile>
    <ClCompile Include="..\..\C-Sources\hdf5\src\H5HGdbg.c">
      <Filter>Source Files</Filter>
    </ClCompile>
    <ClCompile Include="..\..\C-Sources\hdf5\src\H5HGquery.c">
      <Filter>Source Files</Filter>
    </ClCompile>
    <ClCompile Include="..\..\C-Sources\hdf5\src\H5HL.c">
      <Filter>Source Files</Filter>
    </ClCompile>
    <ClCompile Include="..\..\C-Sources\hdf5\src\H5HLcache.c">
      <Filter>Source Files</Filter>
    </ClCompile>
    <ClCompile Include="..\..\C-Sources\hdf5\src\H5HLdbg.c">
      <Filter>Source Files</Filter>
    </ClCompile>
    <ClCompile Include="..\..\C-Sources\hdf5\src\H5HLint.c">
      <Filter>Source Files</Filter>
    </ClCompile>
    <ClCompile Include="..\..\C-Sources\hdf5\src\H5HP.c">
      <Filter>Source Files</Filter>
    </ClCompile>
    <ClCompile Include="..\..\C-Sources\hdf5\src\H5I.c">
      <Filter>Source Files</Filter>
    </ClCompile>
    <ClCompile Include="..\..\C-Sources\hdf5\src\H5Itest.c">
      <Filter>Source Files</Filter>
    </ClCompile>
    <ClCompile Include="..\..\C-Sources\hdf5\src\H5L.c">
      <Filter>Source Files</Filter>
    </ClCompile>
    <ClCompile Include="..\..\C-Sources\hdf5\src\H5Lexternal.c">
      <Filter>Source Files</Filter>
    </ClCompile>
    <ClCompile Include="..\..\C-Sources\hdf5\src\H5MF.c">
      <Filter>Source Files</Filter>
    </ClCompile>
    <ClCompile Include="..\..\C-Sources\hdf5\src\H5MFaggr.c">
      <Filter>Source Files</Filter>
    </ClCompile>
    <ClCompile Include="..\..\C-Sources\hdf5\src\H5MFdbg.c">
      <Filter>Source Files</Filter>
    </ClCompile>
    <ClCompile Include="..\..\C-Sources\hdf5\src\H5MFsection.c">
      <Filter>Source Files</Filter>
    </ClCompile>
    <ClCompile Include="..\..\C-Sources\hdf5\src\H5MM.c">
      <Filter>Source Files</Filter>
    </ClCompile>
    <ClCompile Include="..\..\C-Sources\hdf5\src\H5MP.c">
      <Filter>Source Files</Filter>
    </ClCompile>
    <ClCompile Include="..\..\C-Sources\hdf5\src\H5MPtest.c">
      <Filter>Source Files</Filter>
    </ClCompile>
    <ClCompile Include="..\..\C-Sources\hdf5\src\H5O.c">
      <Filter>Source Files</Filter>
    </ClCompile>
    <ClCompile Include="..\..\C-Sources\hdf5\src\H5Oainfo.c">
      <Filter>Source Files</Filter>
    </ClCompile>
    <ClCompile Include="..\..\C-Sources\hdf5\src\H5Oalloc.c">
      <Filter>Source Files</Filter>
    </ClCompile>
    <ClCompile Include="..\..\C-Sources\hdf5\src\H5Oattr.c">
      <Filter>Source Files</Filter>
    </ClCompile>
    <ClCompile Include="..\..\C-Sources\hdf5\src\H5Oattribute.c">
      <Filter>Source Files</Filter>
    </ClCompile>
    <ClCompile Include="..\..\C-Sources\hdf5\src\H5Obogus.c">
      <Filter>Source Files</Filter>
    </ClCompile>
    <ClCompile Include="..\..\C-Sources\hdf5\src\H5Obtreek.c">
      <Filter>Source Files</Filter>
    </ClCompile>
    <ClCompile Include="..\..\C-Sources\hdf5\src\H5Ocache.c">
      <Filter>Source Files</Filter>
    </ClCompile>
    <ClCompile Include="..\..\C-Sources\hdf5\src\H5Ochunk.c">
      <Filter>Source Files</Filter>
    </ClCompile>
    <ClCompile Include="..\..\C-Sources\hdf5\src\H5Ocont.c">
      <Filter>Source Files</Filter>
    </ClCompile>
    <ClCompile Include="..\..\C-Sources\hdf5\src\H5Ocopy.c">
      <Filter>Source Files</Filter>
    </ClCompile>
    <ClCompile Include="..\..\C-Sources\hdf5\src\H5Odbg.c">
      <Filter>Source Files</Filter>
    </ClCompile>
    <ClCompile Include="..\..\C-Sources\hdf5\src\H5Odrvinfo.c">
      <Filter>Source Files</Filter>
    </ClCompile>
    <ClCompile Include="..\..\C-Sources\hdf5\src\H5Odtype.c">
      <Filter>Source Files</Filter>
    </ClCompile>
    <ClCompile Include="..\..\C-Sources\hdf5\src\H5Oefl.c">
      <Filter>Source Files</Filter>
    </ClCompile>
    <ClCompile Include="..\..\C-Sources\hdf5\src\H5Ofill.c">
      <Filter>Source Files</Filter>
    </ClCompile>
    <ClCompile Include="..\..\C-Sources\hdf5\src\H5Oginfo.c">
      <Filter>Source Files</Filter>
    </ClCompile>
    <ClCompile Include="..\..\C-Sources\hdf5\src\H5Olayout.c">
      <Filter>Source Files</Filter>
    </ClCompile>
    <ClCompile Include="..\..\C-Sources\hdf5\src\H5Olinfo.c">
      <Filter>Source Files</Filter>
    </ClCompile>
    <ClCompile Include="..\..\C-Sources\hdf5\src\H5Olink.c">
      <Filter>Source Files</Filter>
    </ClCompile>
    <ClCompile Include="..\..\C-Sources\hdf5\src\H5Omessage.c">
      <Filter>Source Files</Filter>
    </ClCompile>
    <ClCompile Include="..\..\C-Sources\hdf5\src\H5Omtime.c">
      <Filter>Source Files</Filter>
    </ClCompile>
    <ClCompile Include="..\..\C-Sources\hdf5\src\H5Oname.c">
      <Filter>Source Files</Filter>
    </ClCompile>
    <ClCompile Include="..\..\C-Sources\hdf5\src\H5Onull.c">
      <Filter>Source Files</Filter>
    </ClCompile>
    <ClCompile Include="..\..\C-Sources\hdf5\src\H5Opline.c">
      <Filter>Source Files</Filter>
    </ClCompile>
    <ClCompile Include="..\..\C-Sources\hdf5\src\H5Orefcount.c">
      <Filter>Source Files</Filter>
    </ClCompile>
    <ClCompile Include="..\..\C-Sources\hdf5\src\H5Osdspace.c">
      <Filter>Source Files</Filter>
    </ClCompile>
    <ClCompile Include="..\..\C-Sources\hdf5\src\H5Oshared.c">
      <Filter>Source Files</Filter>
    </ClCompile>
    <ClCompile Include="..\..\C-Sources\hdf5\src\H5Oshmesg.c">
      <Filter>Source Files</Filter>
    </ClCompile>
    <ClCompile Include="..\..\C-Sources\hdf5\src\H5Ostab.c">
      <Filter>Source Files</Filter>
    </ClCompile>
    <ClCompile Include="..\..\C-Sources\hdf5\src\H5Otest.c">
      <Filter>Source Files</Filter>
    </ClCompile>
    <ClCompile Include="..\..\C-Sources\hdf5\src\H5Ounknown.c">
      <Filter>Source Files</Filter>
    </ClCompile>
    <ClCompile Include="..\..\C-Sources\hdf5\src\H5P.c">
      <Filter>Source Files</Filter>
    </ClCompile>
    <ClCompile Include="..\..\C-Sources\hdf5\src\H5Pacpl.c">
      <Filter>Source Files</Filter>
    </ClCompile>
    <ClCompile Include="..\..\C-Sources\hdf5\src\H5Pdapl.c">
      <Filter>Source Files</Filter>
    </ClCompile>
    <ClCompile Include="..\..\C-Sources\hdf5\src\H5Pdcpl.c">
      <Filter>Source Files</Filter>
    </ClCompile>
    <ClCompile Include="..\..\C-Sources\hdf5\src\H5Pdeprec.c">
      <Filter>Source Files</Filter>
    </ClCompile>
    <ClCompile Include="..\..\C-Sources\hdf5\src\H5Pdxpl.c">
      <Filter>Source Files</Filter>
    </ClCompile>
    <ClCompile Include="..\..\C-Sources\hdf5\src\H5Pfapl.c">
      <Filter>Source Files</Filter>
    </ClCompile>
    <ClCompile Include="..\..\C-Sources\hdf5\src\H5Pfcpl.c">
      <Filter>Source Files</Filter>
    </ClCompile>
    <ClCompile Include="..\..\C-Sources\hdf5\src\H5Pfmpl.c">
      <Filter>Source Files</Filter>
    </ClCompile>
    <ClCompile Include="..\..\C-Sources\hdf5\src\H5Pgcpl.c">
      <Filter>Source Files</Filter>
    </ClCompile>
    <ClCompile Include="..\..\C-Sources\hdf5\src\H5Pint.c">
      <Filter>Source Files</Filter>
    </ClCompile>
    <ClCompile Include="..\..\C-Sources\hdf5\src\H5PL.c">
      <Filter>Source Files</Filter>
    </ClCompile>
    <ClCompile Include="..\..\C-Sources\hdf5\src\H5Plapl.c">
      <Filter>Source Files</Filter>
    </ClCompile>
    <ClCompile Include="..\..\C-Sources\hdf5\src\H5Plcpl.c">
      <Filter>Source Files</Filter>
    </ClCompile>
    <ClCompile Include="..\..\C-Sources\hdf5\src\H5Pocpl.c">
      <Filter>Source Files</Filter>
    </ClCompile>
    <ClCompile Include="..\..\C-Sources\hdf5\src\H5Pocpypl.c">
      <Filter>Source Files</Filter>
    </ClCompile>
    <ClCompile Include="..\..\C-Sources\hdf5\src\H5Pstrcpl.c">
      <Filter>Source Files</Filter>
    </ClCompile>
    <ClCompile Include="..\..\C-Sources\hdf5\src\H5Ptest.c">
      <Filter>Source Files</Filter>
    </ClCompile>
    <ClCompile Include="..\..\C-Sources\hdf5\src\H5R.c">
      <Filter>Source Files</Filter>
    </ClCompile>
    <ClCompile Include="..\..\C-Sources\hdf5\src\H5RC.c">
      <Filter>Source Files</Filter>
    </ClCompile>
    <ClCompile Include="..\..\C-Sources\hdf5\src\H5Rdeprec.c">
      <Filter>Source Files</Filter>
    </ClCompile>
    <ClCompile Include="..\..\C-Sources\hdf5\src\H5RS.c">
      <Filter>Source Files</Filter>
    </ClCompile>
    <ClCompile Include="..\..\C-Sources\hdf5\src\H5S.c">
      <Filter>Source Files</Filter>
    </ClCompile>
    <ClCompile Include="..\..\C-Sources\hdf5\src\H5Sall.c">
      <Filter>Source Files</Filter>
    </ClCompile>
    <ClCompile Include="..\..\C-Sources\hdf5\src\H5Sdbg.c">
      <Filter>Source Files</Filter>
    </ClCompile>
    <ClCompile Include="..\..\C-Sources\hdf5\src\H5Shyper.c">
      <Filter>Source Files</Filter>
    </ClCompile>
    <ClCompile Include="..\..\C-Sources\hdf5\src\H5SL.c">
      <Filter>Source Files</Filter>
    </ClCompile>
    <ClCompile Include="..\..\C-Sources\hdf5\src\H5SM.c">
      <Filter>Source Files</Filter>
    </ClCompile>
    <ClCompile Include="..\..\C-Sources\hdf5\src\H5SMbtree2.c">
      <Filter>Source Files</Filter>
    </ClCompile>
    <ClCompile Include="..\..\C-Sources\hdf5\src\H5SMcache.c">
      <Filter>Source Files</Filter>
    </ClCompile>
    <ClCompile Include="..\..\C-Sources\hdf5\src\H5SMmessage.c">
      <Filter>Source Files</Filter>
    </ClCompile>
    <ClCompile Include="..\..\C-Sources\hdf5\src\H5Smpio.c">
      <Filter>Source Files</Filter>
    </ClCompile>
    <ClCompile Include="..\..\C-Sources\hdf5\src\H5SMtest.c">
      <Filter>Source Files</Filter>
    </ClCompile>
    <ClCompile Include="..\..\C-Sources\hdf5\src\H5Snone.c">
      <Filter>Source Files</Filter>
    </ClCompile>
    <ClCompile Include="..\..\C-Sources\hdf5\src\H5Spoint.c">
      <Filter>Source Files</Filter>
    </ClCompile>
    <ClCompile Include="..\..\C-Sources\hdf5\src\H5Sselect.c">
      <Filter>Source Files</Filter>
    </ClCompile>
    <ClCompile Include="..\..\C-Sources\hdf5\src\H5ST.c">
      <Filter>Source Files</Filter>
    </ClCompile>
    <ClCompile Include="..\..\C-Sources\hdf5\src\H5Stest.c">
      <Filter>Source Files</Filter>
    </ClCompile>
    <ClCompile Include="..\..\C-Sources\hdf5\src\H5system.c">
      <Filter>Source Files</Filter>
    </ClCompile>
    <ClCompile Include="..\..\C-Sources\hdf5\src\H5T.c">
      <Filter>Source Files</Filter>
    </ClCompile>
    <ClCompile Include="..\..\C-Sources\hdf5\src\H5Tarray.c">
      <Filter>Source Files</Filter>
    </ClCompile>
    <ClCompile Include="..\..\C-Sources\hdf5\src\H5Tbit.c">
      <Filter>Source Files</Filter>
    </ClCompile>
    <ClCompile Include="..\..\C-Sources\hdf5\src\H5Tcommit.c">
      <Filter>Source Files</Filter>
    </ClCompile>
    <ClCompile Include="..\..\C-Sources\hdf5\src\H5Tcompound.c">
      <Filter>Source Files</Filter>
    </ClCompile>
    <ClCompile Include="..\..\C-Sources\hdf5\src\H5Tconv.c">
      <Filter>Source Files</Filter>
    </ClCompile>
    <ClCompile Include="..\..\C-Sources\hdf5\src\H5Tcset.c">
      <Filter>Source Files</Filter>
    </ClCompile>
    <ClCompile Include="..\..\C-Sources\hdf5\src\H5Tdbg.c">
      <Filter>Source Files</Filter>
    </ClCompile>
    <ClCompile Include="..\..\C-Sources\hdf5\src\H5Tdeprec.c">
      <Filter>Source Files</Filter>
    </ClCompile>
    <ClCompile Include="..\..\C-Sources\hdf5\src\H5Tenum.c">
      <Filter>Source Files</Filter>
    </ClCompile>
    <ClCompile Include="..\..\C-Sources\hdf5\src\H5Tfields.c">
      <Filter>Source Files</Filter>
    </ClCompile>
    <ClCompile Include="..\..\C-Sources\hdf5\src\H5Tfixed.c">
      <Filter>Source Files</Filter>
    </ClCompile>
    <ClCompile Include="..\..\C-Sources\hdf5\src\H5Tfloat.c">
      <Filter>Source Files</Filter>
    </ClCompile>
    <ClCompile Include="..\..\C-Sources\hdf5\src\H5timer.c">
      <Filter>Source Files</Filter>
    </ClCompile>
    <ClCompile Include="..\..\C-Sources\hdf5\src\H5Tnative.c">
      <Filter>Source Files</Filter>
    </ClCompile>
    <ClCompile Include="..\..\C-Sources\hdf5\src\H5Toffset.c">
      <Filter>Source Files</Filter>
    </ClCompile>
    <ClCompile Include="..\..\C-Sources\hdf5\src\H5Toh.c">
      <Filter>Source Files</Filter>
    </ClCompile>
    <ClCompile Include="..\..\C-Sources\hdf5\src\H5Topaque.c">
      <Filter>Source Files</Filter>
    </ClCompile>
    <ClCompile Include="..\..\C-Sources\hdf5\src\H5Torder.c">
      <Filter>Source Files</Filter>
    </ClCompile>
    <ClCompile Include="..\..\C-Sources\hdf5\src\H5Tpad.c">
      <Filter>Source Files</Filter>
    </ClCompile>
    <ClCompile Include="..\..\C-Sources\hdf5\src\H5Tprecis.c">
      <Filter>Source Files</Filter>
    </ClCompile>
    <ClCompile Include="..\..\C-Sources\hdf5\src\H5trace.c">
      <Filter>Source Files</Filter>
    </ClCompile>
    <ClCompile Include="..\..\C-Sources\hdf5\src\H5TS.c">
      <Filter>Source Files</Filter>
    </ClCompile>
    <ClCompile Include="..\..\C-Sources\hdf5\src\H5Tstrpad.c">
      <Filter>Source Files</Filter>
    </ClCompile>
    <ClCompile Include="..\..\C-Sources\hdf5\src\H5Tvisit.c">
      <Filter>Source Files</Filter>
    </ClCompile>
    <ClCompile Include="..\..\C-Sources\hdf5\src\H5Tvlen.c">
      <Filter>Source Files</Filter>
    </ClCompile>
    <ClCompile Include="..\..\C-Sources\hdf5\src\H5VM.c">
      <Filter>Source Files</Filter>
    </ClCompile>
    <ClCompile Include="..\..\C-Sources\hdf5\src\H5WB.c">
      <Filter>Source Files</Filter>
    </ClCompile>
    <ClCompile Include="..\..\C-Sources\hdf5\src\H5Z.c">
      <Filter>Source Files</Filter>
    </ClCompile>
    <ClCompile Include="..\..\C-Sources\hdf5\src\H5Zdeflate.c">
      <Filter>Source Files</Filter>
    </ClCompile>
    <ClCompile Include="..\..\C-Sources\hdf5\src\H5Zfletcher32.c">
      <Filter>Source Files</Filter>
    </ClCompile>
    <ClCompile Include="..\..\C-Sources\hdf5\src\H5Znbit.c">
      <Filter>Source Files</Filter>
    </ClCompile>
    <ClCompile Include="..\..\C-Sources\hdf5\src\H5Zscaleoffset.c">
      <Filter>Source Files</Filter>
    </ClCompile>
    <ClCompile Include="..\..\C-Sources\hdf5\src\H5Zshuffle.c">
      <Filter>Source Files</Filter>
    </ClCompile>
    <ClCompile Include="..\..\C-Sources\hdf5\src\H5Zszip.c">
      <Filter>Source Files</Filter>
    </ClCompile>
    <ClCompile Include="..\..\C-Sources\hdf5\src\H5Ztrans.c">
      <Filter>Source Files</Filter>
    </ClCompile>
    <ClCompile Include="..\..\C-Sources\hdf5\src\H5Tinit.c">
      <Filter>Source Files</Filter>
    </ClCompile>
    <ClCompile Include="..\..\C-Sources\hdf5\src\H5lib_settings.c">
      <Filter>Source Files</Filter>
    </ClCompile>
  </ItemGroup>
  <ItemGroup>
    <ClInclude Include="..\..\C-Sources\hdf5\src\H5ACpkg.h">
      <Filter>Header Files</Filter>
    </ClInclude>
    <ClInclude Include="..\..\C-Sources\hdf5\src\H5ACprivate.h">
      <Filter>Header Files</Filter>
    </ClInclude>
    <ClInclude Include="..\..\C-Sources\hdf5\src\H5Apkg.h">
      <Filter>Header Files</Filter>
    </ClInclude>
    <ClInclude Include="..\..\C-Sources\hdf5\src\H5Aprivate.h">
      <Filter>Header Files</Filter>
    </ClInclude>
    <ClInclude Include="..\..\C-Sources\hdf5\src\H5B2pkg.h">
      <Filter>Header Files</Filter>
    </ClInclude>
    <ClInclude Include="..\..\C-Sources\hdf5\src\H5B2private.h">
      <Filter>Header Files</Filter>
    </ClInclude>
    <ClInclude Include="..\..\C-Sources\hdf5\src\H5B2public.h">
      <Filter>Header Files</Filter>
    </ClInclude>
    <ClInclude Include="..\..\C-Sources\hdf5\src\H5Bpkg.h">
      <Filter>Header Files</Filter>
    </ClInclude>
    <ClInclude Include="..\..\C-Sources\hdf5\src\H5Bprivate.h">
      <Filter>Header Files</Filter>
    </ClInclude>
    <ClInclude Include="..\..\C-Sources\hdf5\src\H5Bpublic.h">
      <Filter>Header Files</Filter>
    </ClInclude>
    <ClInclude Include="..\..\C-Sources\hdf5\src\H5Cpkg.h">
      <Filter>Header Files</Filter>
    </ClInclude>
    <ClInclude Include="..\..\C-Sources\hdf5\src\H5Cprivate.h">
      <Filter>Header Files</Filter>
    </ClInclude>
    <ClInclude Include="..\..\C-Sources\hdf5\src\H5CSprivate.h">
      <Filter>Header Files</Filter>
    </ClInclude>
    <ClInclude Include="..\..\C-Sources\hdf5\src\H5Dpkg.h">
      <Filter>Header Files</Filter>
    </ClInclude>
    <ClInclude Include="..\..\C-Sources\hdf5\src\H5Dprivate.h">
      <Filter>Header Files</Filter>
    </ClInclude>
    <ClInclude Include="..\..\C-Sources\hdf5\src\H5Edefin.h">
      <Filter>Header Files</Filter>
    </ClInclude>
    <ClInclude Include="..\..\C-Sources\hdf5\src\H5Einit.h">
      <Filter>Header Files</Filter>
    </ClInclude>
    <ClInclude Include="..\..\C-Sources\hdf5\src\H5Epkg.h">
      <Filter>Header Files</Filter>
    </ClInclude>
    <ClInclude Include="..\..\C-Sources\hdf5\src\H5Eprivate.h">
      <Filter>Header Files</Filter>
    </ClInclude>
    <ClInclude Include="..\..\C-Sources\hdf5\src\H5Eterm.h">
      <Filter>Header Files</Filter>
    </ClInclude>
    <ClInclude Include="..\..\C-Sources\hdf5\src\H5FDpkg.h">
      <Filter>Header Files</Filter>
    </ClInclude>
    <ClInclude Include="..\..\C-Sources\hdf5\src\H5FDprivate.h">
      <Filter>Header Files</Filter>
    </ClInclude>
    <ClInclude Include="..\..\C-Sources\hdf5\src\H5FLprivate.h">
      <Filter>Header Files</Filter>
    </ClInclude>
    <ClInclude Include="..\..\C-Sources\hdf5\src\H5FOprivate.h">
      <Filter>Header Files</Filter>
    </ClInclude>
    <ClInclude Include="..\..\C-Sources\hdf5\src\H5Fpkg.h">
      <Filter>Header Files</Filter>
    </ClInclude>
    <ClInclude Include="..\..\C-Sources\hdf5\src\H5Fprivate.h">
      <Filter>Header Files</Filter>
    </ClInclude>
    <ClInclude Include="..\..\C-Sources\hdf5\src\H5FSpkg.h">
      <Filter>Header Files</Filter>
    </ClInclude>
    <ClInclude Include="..\..\C-Sources\hdf5\src\H5FSprivate.h">
      <Filter>Header Files</Filter>
    </ClInclude>
    <ClInclude Include="..\..\C-Sources\hdf5\src\H5FSpublic.h">
      <Filter>Header Files</Filter>
    </ClInclude>
    <ClInclude Include="..\..\C-Sources\hdf5\src\H5Gpkg.h">
      <Filter>Header Files</Filter>
    </ClInclude>
    <ClInclude Include="..\..\C-Sources\hdf5\src\H5Gprivate.h">
      <Filter>Header Files</Filter>
    </ClInclude>
    <ClInclude Include="..\..\C-Sources\hdf5\src\H5HFpkg.h">
      <Filter>Header Files</Filter>
    </ClInclude>
    <ClInclude Include="..\..\C-Sources\hdf5\src\H5HFprivate.h">
      <Filter>Header Files</Filter>
    </ClInclude>
    <ClInclude Include="..\..\C-Sources\hdf5\src\H5HFpublic.h">
      <Filter>Header Files</Filter>
    </ClInclude>
    <ClInclude Include="..\..\C-Sources\hdf5\src\H5HGpkg.h">
      <Filter>Header Files</Filter>
    </ClInclude>
    <ClInclude Include="..\..\C-Sources\hdf5\src\H5HGprivate.h">
      <Filter>Header Files</Filter>
    </ClInclude>
    <ClInclude Include="..\..\C-Sources\hdf5\src\H5HGpublic.h">
      <Filter>Header Files</Filter>
    </ClInclude>
    <ClInclude Include="..\..\C-Sources\hdf5\src\H5HLpkg.h">
      <Filter>Header Files</Filter>
    </ClInclude>
    <ClInclude Include="..\..\C-Sources\hdf5\src\H5HLprivate.h">
      <Filter>Header Files</Filter>
    </ClInclude>
    <ClInclude Include="..\..\C-Sources\hdf5\src\H5HLpublic.h">
      <Filter>Header Files</Filter>
    </ClInclude>
    <ClInclude Include="..\..\C-Sources\hdf5\src\H5HPprivate.h">
      <Filter>Header Files</Filter>
    </ClInclude>
    <ClInclude Include="..\..\C-Sources\hdf5\src\H5Ipkg.h">
      <Filter>Header Files</Filter>
    </ClInclude>
    <ClInclude Include="..\..\C-Sources\hdf5\src\H5Iprivate.h">
      <Filter>Header Files</Filter>
    </ClInclude>
    <ClInclude Include="..\..\C-Sources\hdf5\src\H5Lpkg.h">
      <Filter>Header Files</Filter>
    </ClInclude>
    <ClInclude Include="..\..\C-Sources\hdf5\src\H5Lprivate.h">
      <Filter>Header Files</Filter>
    </ClInclude>
    <ClInclude Include="..\..\C-Sources\hdf5\src\H5MFpkg.h">
      <Filter>Header Files</Filter>
    </ClInclude>
    <ClInclude Include="..\..\C-Sources\hdf5\src\H5MFprivate.h">
      <Filter>Header Files</Filter>
    </ClInclude>
    <ClInclude Include="..\..\C-Sources\hdf5\src\H5MMprivate.h">
      <Filter>Header Files</Filter>
    </ClInclude>
    <ClInclude Include="..\..\C-Sources\hdf5\src\H5MPpkg.h">
      <Filter>Header Files</Filter>
    </ClInclude>
    <ClInclude Include="..\..\C-Sources\hdf5\src\H5MPprivate.h">
      <Filter>Header Files</Filter>
    </ClInclude>
    <ClInclude Include="..\..\C-Sources\hdf5\src\H5Opkg.h">
      <Filter>Header Files</Filter>
    </ClInclude>
    <ClInclude Include="..\..\C-Sources\hdf5\src\H5Oprivate.h">
      <Filter>Header Files</Filter>
    </ClInclude>
    <ClInclude Include="..\..\C-Sources\hdf5\src\H5Oshared.h">
      <Filter>Header Files</Filter>
    </ClInclude>
    <ClInclude Include="..\..\C-Sources\hdf5\src\H5PLprivate.h">
      <Filter>Header Files</Filter>
    </ClInclude>
    <ClInclude Include="..\..\C-Sources\hdf5\src\H5Ppkg.h">
      <Filter>Header Files</Filter>
    </ClInclude>
    <ClInclude Include="..\..\C-Sources\hdf5\src\H5Pprivate.h">
      <Filter>Header Files</Filter>
    </ClInclude>
    <ClInclude Include="..\..\C-Sources\hdf5\src\H5private.h">
      <Filter>Header Files</Filter>
    </ClInclude>
    <ClInclude Include="..\..\C-Sources\hdf5\src\H5RCprivate.h">
      <Filter>Header Files</Filter>
    </ClInclude>
    <ClInclude Include="..\..\C-Sources\hdf5\src\H5Rpkg.h">
      <Filter>Header Files</Filter>
    </ClInclude>
    <ClInclude Include="..\..\C-Sources\hdf5\src\H5Rprivate.h">
      <Filter>Header Files</Filter>
    </ClInclude>
    <ClInclude Include="..\..\C-Sources\hdf5\src\H5RSprivate.h">
      <Filter>Header Files</Filter>
    </ClInclude>
    <ClInclude Include="..\..\C-Sources\hdf5\src\H5SLprivate.h">
      <Filter>Header Files</Filter>
    </ClInclude>
    <ClInclude Include="..\..\C-Sources\hdf5\src\H5SMpkg.h">
      <Filter>Header Files</Filter>
    </ClInclude>
    <ClInclude Include="..\..\C-Sources\hdf5\src\H5SMprivate.h">
      <Filter>Header Files</Filter>
    </ClInclude>
    <ClInclude Include="..\..\C-Sources\hdf5\src\H5Spkg.h">
      <Filter>Header Files</Filter>
    </ClInclude>
    <ClInclude Include="..\..\C-Sources\hdf5\src\H5Sprivate.h">
      <Filter>Header Files</Filter>
    </ClInclude>
    <ClInclude Include="..\..\C-Sources\hdf5\src\H5STprivate.h">
      <Filter>Header Files</Filter>
    </ClInclude>
    <ClInclude Include="..\..\C-Sources\hdf5\src\H5Tpkg.h">
      <Filter>Header Files</Filter>
    </ClInclude>
    <ClInclude Include="..\..\C-Sources\hdf5\src\H5Tprivate.h">
      <Filter>Header Files</Filter>
    </ClInclude>
    <ClInclude Include="..\..\C-Sources\hdf5\src\H5TSprivate.h">
      <Filter>Header Files</Filter>
    </ClInclude>
    <ClInclude Include="..\..\C-Sources\hdf5\src\H5VMprivate.h">
      <Filter>Header Files</Filter>
    </ClInclude>
    <ClInclude Include="..\..\C-Sources\hdf5\src\H5WBprivate.h">
      <Filter>Header Files</Filter>
    </ClInclude>
    <ClInclude Include="..\..\C-Sources\hdf5\src\H5win32defs.h">
      <Filter>Header Files</Filter>
    </ClInclude>
    <ClInclude Include="..\..\C-Sources\hdf5\src\H5Zpkg.h">
      <Filter>Header Files</Filter>
    </ClInclude>
    <ClInclude Include="..\..\C-Sources\hdf5\src\H5Zprivate.h">
      <Filter>Header Files</Filter>
    </ClInclude>
    <ClInclude Include="..\..\C-Sources\hdf5\include\H5ACpublic.h">
      <Filter>Header Files</Filter>
    </ClInclude>
    <ClInclude Include="..\..\C-Sources\hdf5\include\H5api_adpt.h">
      <Filter>Header Files</Filter>
    </ClInclude>
    <ClInclude Include="..\..\C-Sources\hdf5\include\H5Apublic.h">
      <Filter>Header Files</Filter>
    </ClInclude>
    <ClInclude Include="..\..\C-Sources\hdf5\include\H5Cpublic.h">
      <Filter>Header Files</Filter>
    </ClInclude>
    <ClInclude Include="..\..\C-Sources\hdf5\include\H5Dpublic.h">
      <Filter>Header Files</Filter>
    </ClInclude>
    <ClInclude Include="..\..\C-Sources\hdf5\include\H5Epubgen.h">
      <Filter>Header Files</Filter>
    </ClInclude>
    <ClInclude Include="..\..\C-Sources\hdf5\include\H5Epublic.h">
      <Filter>Header Files</Filter>
    </ClInclude>
    <ClInclude Include="..\..\C-Sources\hdf5\include\H5FDcore.h">
      <Filter>Header Files</Filter>
    </ClInclude>
    <ClInclude Include="..\..\C-Sources\hdf5\include\H5FDdirect.h">
      <Filter>Header Files</Filter>
    </ClInclude>
    <ClInclude Include="..\..\C-Sources\hdf5\include\H5FDfamily.h">
      <Filter>Header Files</Filter>
    </ClInclude>
    <ClInclude Include="..\..\C-Sources\hdf5\include\H5FDlog.h">
      <Filter>Header Files</Filter>
    </ClInclude>
    <ClInclude Include="..\..\C-Sources\hdf5\include\H5FDmpi.h">
      <Filter>Header Files</Filter>
    </ClInclude>
    <ClInclude Include="..\..\C-Sources\hdf5\include\H5FDmpio.h">
      <Filter>Header Files</Filter>
    </ClInclude>
    <ClInclude Include="..\..\C-Sources\hdf5\include\H5FDmulti.h">
      <Filter>Header Files</Filter>
    </ClInclude>
    <ClInclude Include="..\..\C-Sources\hdf5\include\H5FDpublic.h">
      <Filter>Header Files</Filter>
    </ClInclude>
    <ClInclude Include="..\..\C-Sources\hdf5\include\H5FDsec2.h">
      <Filter>Header Files</Filter>
    </ClInclude>
    <ClInclude Include="..\..\C-Sources\hdf5\include\H5FDstdio.h">
      <Filter>Header Files</Filter>
    </ClInclude>
    <ClInclude Include="..\..\C-Sources\hdf5\include\H5FDwindows.h">
      <Filter>Header Files</Filter>
    </ClInclude>
    <ClInclude Include="..\..\C-Sources\hdf5\include\H5Fpublic.h">
      <Filter>Header Files</Filter>
    </ClInclude>
    <ClInclude Include="..\..\C-Sources\hdf5\include\H5Gpublic.h">
      <Filter>Header Files</Filter>
    </ClInclude>
    <ClInclude Include="..\..\C-Sources\hdf5\include\H5Ipublic.h">
      <Filter>Header Files</Filter>
    </ClInclude>
    <ClInclude Include="..\..\C-Sources\hdf5\include\H5Lpublic.h">
      <Filter>Header Files</Filter>
    </ClInclude>
    <ClInclude Include="..\..\C-Sources\hdf5\include\H5MMpublic.h">
      <Filter>Header Files</Filter>
    </ClInclude>
    <ClInclude Include="..\..\C-Sources\hdf5\include\H5Opublic.h">
      <Filter>Header Files</Filter>
    </ClInclude>
    <ClInclude Include="..\..\C-Sources\hdf5\include\H5overflow.h">
      <Filter>Header Files</Filter>
    </ClInclude>
    <ClInclude Include="..\..\C-Sources\hdf5\include\H5PLextern.h">
      <Filter>Header Files</Filter>
    </ClInclude>
    <ClInclude Include="..\..\C-Sources\hdf5\include\H5PLpublic.h">
      <Filter>Header Files</Filter>
    </ClInclude>
    <ClInclude Include="..\..\C-Sources\hdf5\include\H5Ppublic.h">
      <Filter>Header Files</Filter>
    </ClInclude>
    <ClInclude Include="..\..\C-Sources\hdf5\include\H5pubconf.h">
      <Filter>Header Files</Filter>
    </ClInclude>
    <ClInclude Include="..\..\C-Sources\hdf5\include\H5public.h">
      <Filter>Header Files</Filter>
    </ClInclude>
    <ClInclude Include="..\..\C-Sources\hdf5\include\H5Rpublic.h">
      <Filter>Header Files</Filter>
    </ClInclude>
    <ClInclude Include="..\..\C-Sources\hdf5\include\H5Spublic.h">
      <Filter>Header Files</Filter>
    </ClInclude>
    <ClInclude Include="..\..\C-Sources\hdf5\include\H5Tpublic.h">
      <Filter>Header Files</Filter>
    </ClInclude>
    <ClInclude Include="..\..\C-Sources\hdf5\include\H5version.h">
      <Filter>Header Files</Filter>
    </ClInclude>
    <ClInclude Include="..\..\C-Sources\hdf5\include\H5Zpublic.h">
      <Filter>Header Files</Filter>
    </ClInclude>
    <ClInclude Include="..\..\C-Sources\hdf5\include\hdf5.h">
      <Filter>Header Files</Filter>
    </ClInclude>
  </ItemGroup>
</Project>